
Microsoft Visual Studio Solution File, Format Version 11.00
# Visual Studio 2010
Project("{FAE04EC0-301F-11D3-BF4B-00C04F79EFBC}") = "Sample MVC Project", "testtttt\Sample MVC Project.csproj", "{D1DE7C59-DA70-4CC3-B72D-6495F506FDB9}"
EndProject
Global
	GlobalSection(SolutionConfigurationPlatforms) = preSolution
		Debug|Any CPU = Debug|Any CPU
		Release|Any CPU = Release|Any CPU
	EndGlobalSection
	GlobalSection(ProjectConfigurationPlatforms) = postSolution
		{D1DE7C59-DA70-4CC3-B72D-6495F506FDB9}.Debug|Any CPU.ActiveCfg = Debug|Any CPU
		{D1DE7C59-DA70-4CC3-B72D-6495F506FDB9}.Debug|Any CPU.Build.0 = Debug|Any CPU
		{D1DE7C59-DA70-4CC3-B72D-6495F506FDB9}.Release|Any CPU.ActiveCfg = Release|Any CPU
		{D1DE7C59-DA70-4CC3-B72D-6495F506FDB9}.Release|Any CPU.Build.0 = Release|Any CPU
	EndGlobalSection
	GlobalSection(MonoDevelopProperties) = preSolution
		StartupItem = testtttt\Sample MVC Project.csproj
		Policies = $0
		$0.DotNetNamingPolicy = $1
		$1.DirectoryNamespaceAssociation = None
		$1.ResourceNamePolicy = FileFormatDefault
		$0.VersionControlPolicy = $2
		$2.inheritsSet = Mono
	EndGlobalSection
EndGlobal
